
Microsoft Visual Studio Solution File, Format Version 12.00
# Visual Studio Version 17
VisualStudioVersion = 17.0.31903.59
MinimumVisualStudioVersion = 10.0.40219.1
Project("{2150E333-8FDC-42A3-9474-1A3956D46DE8}") = "src", "src", "{827E0CD3-B72D-47B6-A68D-7590B98EB39B}"
EndProject
Project("{FAE04EC0-301F-11D3-BF4B-00C04F79EFBC}") = "SuperAppBackend.Domain", "src\SuperAppBackend.Domain\SuperAppBackend.Domain.csproj", "{79914F00-5DFF-444D-88B1-62FDB5F764D1}"
EndProject
Project("{FAE04EC0-301F-11D3-BF4B-00C04F79EFBC}") = "SuperAppBackend.Application", "src\SuperAppBackend.Application\SuperAppBackend.Application.csproj", "{7E81D97F-B95B-4B9D-BC89-7CA228280CF0}"
EndProject
Project("{FAE04EC0-301F-11D3-BF4B-00C04F79EFBC}") = "SuperAppBackend.Infrastructure", "src\SuperAppBackend.Infrastructure\SuperAppBackend.Infrastructure.csproj", "{722C6C9D-8E85-4C0F-A5A2-E73D61571CE0}"
EndProject
Project("{FAE04EC0-301F-11D3-BF4B-00C04F79EFBC}") = "SuperAppBackend.WebApi", "src\SuperAppBackend.WebApi\SuperAppBackend.WebApi.csproj", "{0A6A8C20-ACC1-4926-957B-509EF3A674D3}"
EndProject
Global
	GlobalSection(SolutionConfigurationPlatforms) = preSolution
		Debug|Any CPU = Debug|Any CPU
		Debug|x64 = Debug|x64
		Debug|x86 = Debug|x86
		Release|Any CPU = Release|Any CPU
		Release|x64 = Release|x64
		Release|x86 = Release|x86
	EndGlobalSection
	GlobalSection(ProjectConfigurationPlatforms) = postSolution
		{79914F00-5DFF-444D-88B1-62FDB5F764D1}.Debug|Any CPU.ActiveCfg = Debug|Any CPU
		{79914F00-5DFF-444D-88B1-62FDB5F764D1}.Debug|Any CPU.Build.0 = Debug|Any CPU
		{79914F00-5DFF-444D-88B1-62FDB5F764D1}.Debug|x64.ActiveCfg = Debug|Any CPU
		{79914F00-5DFF-444D-88B1-62FDB5F764D1}.Debug|x64.Build.0 = Debug|Any CPU
		{79914F00-5DFF-444D-88B1-62FDB5F764D1}.Debug|x86.ActiveCfg = Debug|Any CPU
		{79914F00-5DFF-444D-88B1-62FDB5F764D1}.Debug|x86.Build.0 = Debug|Any CPU
		{79914F00-5DFF-444D-88B1-62FDB5F764D1}.Release|Any CPU.ActiveCfg = Release|Any CPU
		{79914F00-5DFF-444D-88B1-62FDB5F764D1}.Release|Any CPU.Build.0 = Release|Any CPU
		{79914F00-5DFF-444D-88B1-62FDB5F764D1}.Release|x64.ActiveCfg = Release|Any CPU
		{79914F00-5DFF-444D-88B1-62FDB5F764D1}.Release|x64.Build.0 = Release|Any CPU
		{79914F00-5DFF-444D-88B1-62FDB5F764D1}.Release|x86.ActiveCfg = Release|Any CPU
		{79914F00-5DFF-444D-88B1-62FDB5F764D1}.Release|x86.Build.0 = Release|Any CPU
		{7E81D97F-B95B-4B9D-BC89-7CA228280CF0}.Debug|Any CPU.ActiveCfg = Debug|Any CPU
		{7E81D97F-B95B-4B9D-BC89-7CA228280CF0}.Debug|Any CPU.Build.0 = Debug|Any CPU
		{7E81D97F-B95B-4B9D-BC89-7CA228280CF0}.Debug|x64.ActiveCfg = Debug|Any CPU
		{7E81D97F-B95B-4B9D-BC89-7CA228280CF0}.Debug|x64.Build.0 = Debug|Any CPU
		{7E81D97F-B95B-4B9D-BC89-7CA228280CF0}.Debug|x86.ActiveCfg = Debug|Any CPU
		{7E81D97F-B95B-4B9D-BC89-7CA228280CF0}.Debug|x86.Build.0 = Debug|Any CPU
		{7E81D97F-B95B-4B9D-BC89-7CA228280CF0}.Release|Any CPU.ActiveCfg = Release|Any CPU
		{7E81D97F-B95B-4B9D-BC89-7CA228280CF0}.Release|Any CPU.Build.0 = Release|Any CPU
		{7E81D97F-B95B-4B9D-BC89-7CA228280CF0}.Release|x64.ActiveCfg = Release|Any CPU
		{7E81D97F-B95B-4B9D-BC89-7CA228280CF0}.Release|x64.Build.0 = Release|Any CPU
		{7E81D97F-B95B-4B9D-BC89-7CA228280CF0}.Release|x86.ActiveCfg = Release|Any CPU
		{7E81D97F-B95B-4B9D-BC89-7CA228280CF0}.Release|x86.Build.0 = Release|Any CPU
		{722C6C9D-8E85-4C0F-A5A2-E73D61571CE0}.Debug|Any CPU.ActiveCfg = Debug|Any CPU
		{722C6C9D-8E85-4C0F-A5A2-E73D61571CE0}.Debug|Any CPU.Build.0 = Debug|Any CPU
		{722C6C9D-8E85-4C0F-A5A2-E73D61571CE0}.Debug|x64.ActiveCfg = Debug|Any CPU
		{722C6C9D-8E85-4C0F-A5A2-E73D61571CE0}.Debug|x64.Build.0 = Debug|Any CPU
		{722C6C9D-8E85-4C0F-A5A2-E73D61571CE0}.Debug|x86.ActiveCfg = Debug|Any CPU
		{722C6C9D-8E85-4C0F-A5A2-E73D61571CE0}.Debug|x86.Build.0 = Debug|Any CPU
		{722C6C9D-8E85-4C0F-A5A2-E73D61571CE0}.Release|Any CPU.ActiveCfg = Release|Any CPU
		{722C6C9D-8E85-4C0F-A5A2-E73D61571CE0}.Release|Any CPU.Build.0 = Release|Any CPU
		{722C6C9D-8E85-4C0F-A5A2-E73D61571CE0}.Release|x64.ActiveCfg = Release|Any CPU
		{722C6C9D-8E85-4C0F-A5A2-E73D61571CE0}.Release|x64.Build.0 = Release|Any CPU
		{722C6C9D-8E85-4C0F-A5A2-E73D61571CE0}.Release|x86.ActiveCfg = Release|Any CPU
		{722C6C9D-8E85-4C0F-A5A2-E73D61571CE0}.Release|x86.Build.0 = Release|Any CPU
		{0A6A8C20-ACC1-4926-957B-509EF3A674D3}.Debug|Any CPU.ActiveCfg = Debug|Any CPU
		{0A6A8C20-ACC1-4926-957B-509EF3A674D3}.Debug|Any CPU.Build.0 = Debug|Any CPU
		{0A6A8C20-ACC1-4926-957B-509EF3A674D3}.Debug|x64.ActiveCfg = Debug|Any CPU
		{0A6A8C20-ACC1-4926-957B-509EF3A674D3}.Debug|x64.Build.0 = Debug|Any CPU
		{0A6A8C20-ACC1-4926-957B-509EF3A674D3}.Debug|x86.ActiveCfg = Debug|Any CPU
		{0A6A8C20-ACC1-4926-957B-509EF3A674D3}.Debug|x86.Build.0 = Debug|Any CPU
		{0A6A8C20-ACC1-4926-957B-509EF3A674D3}.Release|Any CPU.ActiveCfg = Release|Any CPU
		{0A6A8C20-ACC1-4926-957B-509EF3A674D3}.Release|Any CPU.Build.0 = Release|Any CPU
		{0A6A8C20-ACC1-4926-957B-509EF3A674D3}.Release|x64.ActiveCfg = Release|Any CPU
		{0A6A8C20-ACC1-4926-957B-509EF3A674D3}.Release|x64.Build.0 = Release|Any CPU
		{0A6A8C20-ACC1-4926-957B-509EF3A674D3}.Release|x86.ActiveCfg = Release|Any CPU
		{0A6A8C20-ACC1-4926-957B-509EF3A674D3}.Release|x86.Build.0 = Release|Any CPU
	EndGlobalSection
	GlobalSection(SolutionProperties) = preSolution
		HideSolutionNode = FALSE
	EndGlobalSection
	GlobalSection(NestedProjects) = preSolution
		{79914F00-5DFF-444D-88B1-62FDB5F764D1} = {827E0CD3-B72D-47B6-A68D-7590B98EB39B}
		{7E81D97F-B95B-4B9D-BC89-7CA228280CF0} = {827E0CD3-B72D-47B6-A68D-7590B98EB39B}
		{722C6C9D-8E85-4C0F-A5A2-E73D61571CE0} = {827E0CD3-B72D-47B6-A68D-7590B98EB39B}
		{0A6A8C20-ACC1-4926-957B-509EF3A674D3} = {827E0CD3-B72D-47B6-A68D-7590B98EB39B}
	EndGlobalSection
EndGlobal
